// !$*UTF8*$!
{
	archiveVersion = 1;
	classes = {
	};
	objectVersion = 46;
	objects = {

/* Begin PBXBuildFile section */
		C627EA601B82DD0800279347 /* main.c in Sources */ = {isa = PBXBuildFile; fileRef = C627EA5F1B82DD0800279347 /* main.c */; };
		C627EA681B82DD1C00279347 /* Stack.c in Sources */ = {isa = PBXBuildFile; fileRef = C627EA661B82DD1C00279347 /* Stack.c */; };
/* End PBXBuildFile section */

/* Begin PBXCopyFilesBuildPhase section */
		C627EA5A1B82DD0800279347 /* CopyFiles */ = {
			isa = PBXCopyFilesBuildPhase;
			buildActionMask = 2147483647;
			dstPath = /usr/share/man/man1/;
			dstSubfolderSpec = 0;
			files = (
			);
			runOnlyForDeploymentPostprocessing = 1;
		};
/* End PBXCopyFilesBuildPhase section */

/* Begin PBXFileReference section */
		C627EA5C1B82DD0800279347 /* Stack (Array) */ = {isa = PBXFileReference; explicitFileType = "compiled.mach-o.executable"; includeInIndex = 0; path = "Stack (Array)"; sourceTree = BUILT_PRODUCTS_DIR; };
		C627EA5F1B82DD0800279347 /* main.c */ = {isa = PBXFileReference; lastKnownFileType = sourcecode.c.c; path = main.c; sourceTree = "<group>"; };
		C627EA661B82DD1C00279347 /* Stack.c */ = {isa = PBXFileReference; fileEncoding = 4; lastKnownFileType = sourcecode.c.c; path = Stack.c; sourceTree = "<group>"; };
		C627EA671B82DD1C00279347 /* Stack.h */ = {isa = PBXFileReference; fileEncoding = 4; lastKnownFileType = sourcecode.c.h; path = Stack.h; sourceTree = "<group>"; };
/* End PBXFileReference section */

/* Begin PBXFrameworksBuildPhase section */
		C627EA591B82DD0800279347 /* Frameworks */ = {
			isa = PBXFrameworksBuildPhase;
			buildActionMask = 2147483647;
			files = (
			);
			runOnlyForDeploymentPostprocessing = 0;
		};
/* End PBXFrameworksBuildPhase section */

/* Begin PBXGroup section */
		C627EA531B82DD0800279347 = {
			isa = PBXGroup;
			children = (
				C627EA5E1B82DD0800279347 /* Stack (Array) */,
				C627EA5D1B82DD0800279347 /* Products */,
			);
			sourceTree = "<group>";
		};
		C627EA5D1B82DD0800279347 /* Products */ = {
			isa = PBXGroup;
			children = (
				C627EA5C1B82DD0800279347 /* Stack (Array) */,
			);
			name = Products;
			sourceTree = "<group>";
		};
		C627EA5E1B82DD0800279347 /* Stack (Array) */ = {
			isa = PBXGroup;
			children = (
				C627EA5F1B82DD0800279347 /* main.c */,
				C627EA661B82DD1C00279347 /* Stack.c */,
				C627EA671B82DD1C00279347 /* Stack.h */,
			);
			path = "Stack (Array)";
			sourceTree = "<group>";
		};
/* End PBXGroup section */

/* Begin PBXNativeTarget section */
		C627EA5B1B82DD0800279347 /* Stack (Array) */ = {
			isa = PBXNativeTarget;
			buildConfigurationList = C627EA631B82DD0800279347 /* Build configuration list for PBXNativeTarget "Stack (Array)" */;
			buildPhases = (
				C627EA581B82DD0800279347 /* Sources */,
				C627EA591B82DD0800279347 /* Frameworks */,
				C627EA5A1B82DD0800279347 /* CopyFiles */,
			);
			buildRules = (
			);
			dependencies = (
			);
			name = "Stack (Array)";
			productName = "Stack (Array)";
			productReference = C627EA5C1B82DD0800279347 /* Stack (Array) */;
			productType = "com.apple.product-type.tool";
		};
/* End PBXNativeTarget section */

/* Begin PBXProject section */
		C627EA541B82DD0800279347 /* Project object */ = {
			isa = PBXProject;
			attributes = {
				LastUpgradeCheck = 0600;
				ORGANIZATIONNAME = "Nishant Verma ( Nash Vail )";
				TargetAttributes = {
					C627EA5B1B82DD0800279347 = {
						CreatedOnToolsVersion = 6.0.1;
					};
				};
			};
			buildConfigurationList = C627EA571B82DD0800279347 /* Build configuration list for PBXProject "Stack (Array)" */;
			compatibilityVersion = "Xcode 3.2";
			developmentRegion = English;
			hasScannedForEncodings = 0;
			knownRegions = (
				en,
			);
			mainGroup = C627EA531B82DD0800279347;
			productRefGroup = C627EA5D1B82DD0800279347 /* Products */;
			projectDirPath = "";
			projectRoot = "";
			targets = (
				C627EA5B1B82DD0800279347 /* Stack (Array) */,
			);
		};
/* End PBXProject section */

/* Begin PBXSourcesBuildPhase section */
		C627EA581B82DD0800279347 /* Sources */ = {
			isa = PBXSourcesBuildPhase;
			buildActionMask = 2147483647;
			files = (
				C627EA681B82DD1C00279347 /* Stack.c in Sources */,
				C627EA601B82DD0800279347 /* main.c in Sources */,
			);
			runOnlyForDeploymentPostprocessing = 0;
		};
/* End PBXSourcesBuildPhase section */

/* Begin XCBuildConfiguration section */
		C627EA611B82DD0800279347 /* Debug */ = {
			isa = XCBuildConfiguration;
			buildSettings = {
				ALWAYS_SEARCH_USER_PATHS = NO;
				CLANG_CXX_LANGUAGE_STANDARD = "gnu++0x";
				CLANG_CXX_LIBRARY = "libc++";
				CLANG_ENABLE_MODULES = YES;
				CLANG_ENABLE_OBJC_ARC = YES;
				CLANG_WARN_BOOL_CONVERSION = YES;
				CLANG_WARN_CONSTANT_CONVERSION = YES;
				CLANG_WARN_DIRECT_OBJC_ISA_USAGE = YES_ERROR;
				CLANG_WARN_EMPTY_BODY = YES;
				CLANG_WARN_ENUM_CONVERSION = YES;
				CLANG_WARN_INT_CONVERSION = YES;
				CLANG_WARN_OBJC_ROOT_CLASS = YES_ERROR;
				CLANG_WARN_UNREACHABLE_CODE = YES;
				CLANG_WARN__DUPLICATE_METHOD_MATCH = YES;
				COPY_PHASE_STRIP = NO;
				ENABLE_STRICT_OBJC_MSGSEND = YES;
				GCC_C_LANGUAGE_STANDARD = gnu99;
				GCC_DYNAMIC_NO_PIC = NO;
				GCC_OPTIMIZATION_LEVEL = 0;
				GCC_PREPROCESSOR_DEFINITIONS = (
					"DEBUG=1",
					"$(inherited)",
				);
				GCC_SYMBOLS_PRIVATE_EXTERN = NO;
				GCC_WARN_64_TO_32_BIT_CONVERSION = YES;
				GCC_WARN_ABOUT_RETURN_TYPE = YES_ERROR;
				GCC_WARN_UNDECLARED_SELECTOR = YES;
				GCC_WARN_UNINITIALIZED_AUTOS = YES_AGGRESSIVE;
				GCC_WARN_UNUSED_FUNCTION = YES;
				GCC_WARN_UNUSED_VARIABLE = YES;
				MACOSX_DEPLOYMENT_TARGET = 10.10;
				MTL_ENABLE_DEBUG_INFO = YES;
				ONLY_ACTIVE_ARCH = YES;
				SDKROOT = macosx;
			};
			name = Debug;
		};
		C627EA621B82DD0800279347 /* Release */ = {
			isa = XCBuildConfiguration;
			buildSettings = {
				ALWAYS_SEARCH_USER_PATHS = NO;
				CLANG_CXX_LANGUAGE_STANDARD = "gnu++0x";
				CLANG_CXX_LIBRARY = "libc++";
				CLANG_ENABLE_MODULES = YES;
				CLANG_ENABLE_OBJC_ARC = YES;
				CLANG_WARN_BOOL_CONVERSION = YES;
				CLANG_WARN_CONSTANT_CONVERSION = YES;
				CLANG_WARN_DIRECT_OBJC_ISA_USAGE = YES_ERROR;
				CLANG_WARN_EMPTY_BODY = YES;
				CLANG_WARN_ENUM_CONVERSION = YES;
				CLANG_WARN_INT_CONVERSION = YES;
				CLANG_WARN_OBJC_ROOT_CLASS = YES_ERROR;
				CLANG_WARN_UNREACHABLE_CODE = YES;
				CLANG_WARN__DUPLICATE_METHOD_MATCH = YES;
				COPY_PHASE_STRIP = YES;
				DEBUG_INFORMATION_FORMAT = "dwarf-with-dsym";
				ENABLE_NS_ASSERTIONS = NO;
				ENABLE_STRICT_OBJC_MSGSEND = YES;
				GCC_C_LANGUAGE_STANDARD = gnu99;
				GCC_WARN_64_TO_32_BIT_CONVERSION = YES;
				GCC_WARN_ABOUT_RETURN_TYPE = YES_ERROR;
				GCC_WARN_UNDECLARED_SELECTOR = YES;
				GCC_WARN_UNINITIALIZED_AUTOS = YES_AGGRESSIVE;
				GCC_WARN_UNUSED_FUNCTION = YES;
				GCC_WARN_UNUSED_VARIABLE = YES;
				MACOSX_DEPLOYMENT_TARGET = 10.10;
				MTL_ENABLE_DEBUG_INFO = NO;
				SDKROOT = macosx;
			};
			name = Release;
		};
		C627EA641B82DD0800279347 /* Debug */ = {
			isa = XCBuildConfiguration;
			buildSettings = {
				PRODUCT_NAME = "$(TARGET_NAME)";
			};
			name = Debug;
		};
		C627EA651B82DD0800279347 /* Release */ = {
			isa = XCBuildConfiguration;
			buildSettings = {
				PRODUCT_NAME = "$(TARGET_NAME)";
			};
			name = Release;
		};
/* End XCBuildConfiguration section */

/* Begin XCConfigurationList section */
		C627EA571B82DD0800279347 /* Build configuration list for PBXProject "Stack (Array)" */ = {
			isa = XCConfigurationList;
			buildConfigurations = (
				C627EA611B82DD0800279347 /* Debug */,
				C627EA621B82DD0800279347 /* Release */,
			);
			defaultConfigurationIsVisible = 0;
			defaultConfigurationName = Release;
		};
		C627EA631B82DD0800279347 /* Build configuration list for PBXNativeTarget "Stack (Array)" */ = {
			isa = XCConfigurationList;
			buildConfigurations = (
				C627EA641B82DD0800279347 /* Debug */,
				C627EA651B82DD0800279347 /* Release */,
			);
			defaultConfigurationIsVisible = 0;
		};
/* End XCConfigurationList section */
	};
	rootObject = C627EA541B82DD0800279347 /* Project object */;
}
