// !$*UTF8*$!
{
	archiveVersion = 1;
	classes = {
	};
	objectVersion = 46;
	objects = {

/* Begin PBXBuildFile section */
		C696E4D31B7F696000580231 /* main.c in Sources */ = {isa = PBXBuildFile; fileRef = C696E4D21B7F696000580231 /* main.c */; };
		C696E4DB1B7F699300580231 /* DLinkedList.c in Sources */ = {isa = PBXBuildFile; fileRef = C696E4D91B7F699300580231 /* DLinkedList.c */; };
/* End PBXBuildFile section */

/* Begin PBXCopyFilesBuildPhase section */
		C696E4CD1B7F696000580231 /* CopyFiles */ = {
			isa = PBXCopyFilesBuildPhase;
			buildActionMask = 2147483647;
			dstPath = /usr/share/man/man1/;
			dstSubfolderSpec = 0;
			files = (
			);
			runOnlyForDeploymentPostprocessing = 1;
		};
/* End PBXCopyFilesBuildPhase section */

/* Begin PBXFileReference section */
		C696E4CF1B7F696000580231 /* Doubly Linked List */ = {isa = PBXFileReference; explicitFileType = "compiled.mach-o.executable"; includeInIndex = 0; path = "Doubly Linked List"; sourceTree = BUILT_PRODUCTS_DIR; };
		C696E4D21B7F696000580231 /* main.c */ = {isa = PBXFileReference; lastKnownFileType = sourcecode.c.c; path = main.c; sourceTree = "<group>"; };
		C696E4D91B7F699300580231 /* DLinkedList.c */ = {isa = PBXFileReference; fileEncoding = 4; lastKnownFileType = sourcecode.c.c; path = DLinkedList.c; sourceTree = "<group>"; };
		C696E4DA1B7F699300580231 /* DLinkedList.h */ = {isa = PBXFileReference; fileEncoding = 4; lastKnownFileType = sourcecode.c.h; path = DLinkedList.h; sourceTree = "<group>"; };
/* End PBXFileReference section */

/* Begin PBXFrameworksBuildPhase section */
		C696E4CC1B7F696000580231 /* Frameworks */ = {
			isa = PBXFrameworksBuildPhase;
			buildActionMask = 2147483647;
			files = (
			);
			runOnlyForDeploymentPostprocessing = 0;
		};
/* End PBXFrameworksBuildPhase section */

/* Begin PBXGroup section */
		C696E4C61B7F696000580231 = {
			isa = PBXGroup;
			children = (
				C696E4D11B7F696000580231 /* Doubly Linked List */,
				C696E4D01B7F696000580231 /* Products */,
			);
			sourceTree = "<group>";
		};
		C696E4D01B7F696000580231 /* Products */ = {
			isa = PBXGroup;
			children = (
				C696E4CF1B7F696000580231 /* Doubly Linked List */,
			);
			name = Products;
			sourceTree = "<group>";
		};
		C696E4D11B7F696000580231 /* Doubly Linked List */ = {
			isa = PBXGroup;
			children = (
				C696E4D21B7F696000580231 /* main.c */,
				C696E4D91B7F699300580231 /* DLinkedList.c */,
				C696E4DA1B7F699300580231 /* DLinkedList.h */,
			);
			path = "Doubly Linked List";
			sourceTree = "<group>";
		};
/* End PBXGroup section */

/* Begin PBXNativeTarget section */
		C696E4CE1B7F696000580231 /* Doubly Linked List */ = {
			isa = PBXNativeTarget;
			buildConfigurationList = C696E4D61B7F696000580231 /* Build configuration list for PBXNativeTarget "Doubly Linked List" */;
			buildPhases = (
				C696E4CB1B7F696000580231 /* Sources */,
				C696E4CC1B7F696000580231 /* Frameworks */,
				C696E4CD1B7F696000580231 /* CopyFiles */,
			);
			buildRules = (
			);
			dependencies = (
			);
			name = "Doubly Linked List";
			productName = "Doubly Linked List";
			productReference = C696E4CF1B7F696000580231 /* Doubly Linked List */;
			productType = "com.apple.product-type.tool";
		};
/* End PBXNativeTarget section */

/* Begin PBXProject section */
		C696E4C71B7F696000580231 /* Project object */ = {
			isa = PBXProject;
			attributes = {
				LastUpgradeCheck = 0600;
				ORGANIZATIONNAME = "Nishant Verma ( Nash Vail )";
				TargetAttributes = {
					C696E4CE1B7F696000580231 = {
						CreatedOnToolsVersion = 6.0.1;
					};
				};
			};
			buildConfigurationList = C696E4CA1B7F696000580231 /* Build configuration list for PBXProject "Doubly Linked List" */;
			compatibilityVersion = "Xcode 3.2";
			developmentRegion = English;
			hasScannedForEncodings = 0;
			knownRegions = (
				en,
			);
			mainGroup = C696E4C61B7F696000580231;
			productRefGroup = C696E4D01B7F696000580231 /* Products */;
			projectDirPath = "";
			projectRoot = "";
			targets = (
				C696E4CE1B7F696000580231 /* Doubly Linked List */,
			);
		};
/* End PBXProject section */

/* Begin PBXSourcesBuildPhase section */
		C696E4CB1B7F696000580231 /* Sources */ = {
			isa = PBXSourcesBuildPhase;
			buildActionMask = 2147483647;
			files = (
				C696E4D31B7F696000580231 /* main.c in Sources */,
				C696E4DB1B7F699300580231 /* DLinkedList.c in Sources */,
			);
			runOnlyForDeploymentPostprocessing = 0;
		};
/* End PBXSourcesBuildPhase section */

/* Begin XCBuildConfiguration section */
		C696E4D41B7F696000580231 /* Debug */ = {
			isa = XCBuildConfiguration;
			buildSettings = {
				ALWAYS_SEARCH_USER_PATHS = NO;
				CLANG_CXX_LANGUAGE_STANDARD = "gnu++0x";
				CLANG_CXX_LIBRARY = "libc++";
				CLANG_ENABLE_MODULES = YES;
				CLANG_ENABLE_OBJC_ARC = YES;
				CLANG_WARN_BOOL_CONVERSION = YES;
				CLANG_WARN_CONSTANT_CONVERSION = YES;
				CLANG_WARN_DIRECT_OBJC_ISA_USAGE = YES_ERROR;
				CLANG_WARN_EMPTY_BODY = YES;
				CLANG_WARN_ENUM_CONVERSION = YES;
				CLANG_WARN_INT_CONVERSION = YES;
				CLANG_WARN_OBJC_ROOT_CLASS = YES_ERROR;
				CLANG_WARN_UNREACHABLE_CODE = YES;
				CLANG_WARN__DUPLICATE_METHOD_MATCH = YES;
				COPY_PHASE_STRIP = NO;
				ENABLE_STRICT_OBJC_MSGSEND = YES;
				GCC_C_LANGUAGE_STANDARD = gnu99;
				GCC_DYNAMIC_NO_PIC = NO;
				GCC_OPTIMIZATION_LEVEL = 0;
				GCC_PREPROCESSOR_DEFINITIONS = (
					"DEBUG=1",
					"$(inherited)",
				);
				GCC_SYMBOLS_PRIVATE_EXTERN = NO;
				GCC_WARN_64_TO_32_BIT_CONVERSION = YES;
				GCC_WARN_ABOUT_RETURN_TYPE = YES_ERROR;
				GCC_WARN_UNDECLARED_SELECTOR = YES;
				GCC_WARN_UNINITIALIZED_AUTOS = YES_AGGRESSIVE;
				GCC_WARN_UNUSED_FUNCTION = YES;
				GCC_WARN_UNUSED_VARIABLE = YES;
				MACOSX_DEPLOYMENT_TARGET = 10.10;
				MTL_ENABLE_DEBUG_INFO = YES;
				ONLY_ACTIVE_ARCH = YES;
				SDKROOT = macosx;
			};
			name = Debug;
		};
		C696E4D51B7F696000580231 /* Release */ = {
			isa = XCBuildConfiguration;
			buildSettings = {
				ALWAYS_SEARCH_USER_PATHS = NO;
				CLANG_CXX_LANGUAGE_STANDARD = "gnu++0x";
				CLANG_CXX_LIBRARY = "libc++";
				CLANG_ENABLE_MODULES = YES;
				CLANG_ENABLE_OBJC_ARC = YES;
				CLANG_WARN_BOOL_CONVERSION = YES;
				CLANG_WARN_CONSTANT_CONVERSION = YES;
				CLANG_WARN_DIRECT_OBJC_ISA_USAGE = YES_ERROR;
				CLANG_WARN_EMPTY_BODY = YES;
				CLANG_WARN_ENUM_CONVERSION = YES;
				CLANG_WARN_INT_CONVERSION = YES;
				CLANG_WARN_OBJC_ROOT_CLASS = YES_ERROR;
				CLANG_WARN_UNREACHABLE_CODE = YES;
				CLANG_WARN__DUPLICATE_METHOD_MATCH = YES;
				COPY_PHASE_STRIP = YES;
				DEBUG_INFORMATION_FORMAT = "dwarf-with-dsym";
				ENABLE_NS_ASSERTIONS = NO;
				ENABLE_STRICT_OBJC_MSGSEND = YES;
				GCC_C_LANGUAGE_STANDARD = gnu99;
				GCC_WARN_64_TO_32_BIT_CONVERSION = YES;
				GCC_WARN_ABOUT_RETURN_TYPE = YES_ERROR;
				GCC_WARN_UNDECLARED_SELECTOR = YES;
				GCC_WARN_UNINITIALIZED_AUTOS = YES_AGGRESSIVE;
				GCC_WARN_UNUSED_FUNCTION = YES;
				GCC_WARN_UNUSED_VARIABLE = YES;
				MACOSX_DEPLOYMENT_TARGET = 10.10;
				MTL_ENABLE_DEBUG_INFO = NO;
				SDKROOT = macosx;
			};
			name = Release;
		};
		C696E4D71B7F696000580231 /* Debug */ = {
			isa = XCBuildConfiguration;
			buildSettings = {
				PRODUCT_NAME = "$(TARGET_NAME)";
			};
			name = Debug;
		};
		C696E4D81B7F696000580231 /* Release */ = {
			isa = XCBuildConfiguration;
			buildSettings = {
				PRODUCT_NAME = "$(TARGET_NAME)";
			};
			name = Release;
		};
/* End XCBuildConfiguration section */

/* Begin XCConfigurationList section */
		C696E4CA1B7F696000580231 /* Build configuration list for PBXProject "Doubly Linked List" */ = {
			isa = XCConfigurationList;
			buildConfigurations = (
				C696E4D41B7F696000580231 /* Debug */,
				C696E4D51B7F696000580231 /* Release */,
			);
			defaultConfigurationIsVisible = 0;
			defaultConfigurationName = Release;
		};
		C696E4D61B7F696000580231 /* Build configuration list for PBXNativeTarget "Doubly Linked List" */ = {
			isa = XCConfigurationList;
			buildConfigurations = (
				C696E4D71B7F696000580231 /* Debug */,
				C696E4D81B7F696000580231 /* Release */,
			);
			defaultConfigurationIsVisible = 0;
		};
/* End XCConfigurationList section */
	};
	rootObject = C696E4C71B7F696000580231 /* Project object */;
}
