// !$*UTF8*$!
{
	archiveVersion = 1;
	classes = {
	};
	objectVersion = 46;
	objects = {

/* Begin PBXBuildFile section */
		C66ED0B61B81A66700D11EF6 /* main.c in Sources */ = {isa = PBXBuildFile; fileRef = C66ED0B51B81A66700D11EF6 /* main.c */; };
		C66ED0BE1B81A67E00D11EF6 /* Stack.c in Sources */ = {isa = PBXBuildFile; fileRef = C66ED0BC1B81A67E00D11EF6 /* Stack.c */; };
		C66ED0C11B81A6AA00D11EF6 /* LinkedList.c in Sources */ = {isa = PBXBuildFile; fileRef = C66ED0BF1B81A6AA00D11EF6 /* LinkedList.c */; };
/* End PBXBuildFile section */

/* Begin PBXCopyFilesBuildPhase section */
		C66ED0B01B81A66700D11EF6 /* CopyFiles */ = {
			isa = PBXCopyFilesBuildPhase;
			buildActionMask = 2147483647;
			dstPath = /usr/share/man/man1/;
			dstSubfolderSpec = 0;
			files = (
			);
			runOnlyForDeploymentPostprocessing = 1;
		};
/* End PBXCopyFilesBuildPhase section */

/* Begin PBXFileReference section */
		C66ED0B21B81A66700D11EF6 /* Stack(LL) */ = {isa = PBXFileReference; explicitFileType = "compiled.mach-o.executable"; includeInIndex = 0; path = "Stack(LL)"; sourceTree = BUILT_PRODUCTS_DIR; };
		C66ED0B51B81A66700D11EF6 /* main.c */ = {isa = PBXFileReference; lastKnownFileType = sourcecode.c.c; path = main.c; sourceTree = "<group>"; };
		C66ED0BC1B81A67E00D11EF6 /* Stack.c */ = {isa = PBXFileReference; fileEncoding = 4; lastKnownFileType = sourcecode.c.c; path = Stack.c; sourceTree = "<group>"; };
		C66ED0BD1B81A67E00D11EF6 /* Stack.h */ = {isa = PBXFileReference; fileEncoding = 4; lastKnownFileType = sourcecode.c.h; path = Stack.h; sourceTree = "<group>"; };
		C66ED0BF1B81A6AA00D11EF6 /* LinkedList.c */ = {isa = PBXFileReference; fileEncoding = 4; lastKnownFileType = sourcecode.c.c; name = LinkedList.c; path = "Stack(LL)/LinkedList.c"; sourceTree = "<group>"; };
		C66ED0C01B81A6AA00D11EF6 /* LinkedList.h */ = {isa = PBXFileReference; fileEncoding = 4; lastKnownFileType = sourcecode.c.h; name = LinkedList.h; path = "Stack(LL)/LinkedList.h"; sourceTree = "<group>"; };
/* End PBXFileReference section */

/* Begin PBXFrameworksBuildPhase section */
		C66ED0AF1B81A66700D11EF6 /* Frameworks */ = {
			isa = PBXFrameworksBuildPhase;
			buildActionMask = 2147483647;
			files = (
			);
			runOnlyForDeploymentPostprocessing = 0;
		};
/* End PBXFrameworksBuildPhase section */

/* Begin PBXGroup section */
		C66ED0A91B81A66700D11EF6 = {
			isa = PBXGroup;
			children = (
				C66ED0BF1B81A6AA00D11EF6 /* LinkedList.c */,
				C66ED0C01B81A6AA00D11EF6 /* LinkedList.h */,
				C66ED0B41B81A66700D11EF6 /* Stack(LL) */,
				C66ED0B31B81A66700D11EF6 /* Products */,
			);
			sourceTree = "<group>";
		};
		C66ED0B31B81A66700D11EF6 /* Products */ = {
			isa = PBXGroup;
			children = (
				C66ED0B21B81A66700D11EF6 /* Stack(LL) */,
			);
			name = Products;
			sourceTree = "<group>";
		};
		C66ED0B41B81A66700D11EF6 /* Stack(LL) */ = {
			isa = PBXGroup;
			children = (
				C66ED0B51B81A66700D11EF6 /* main.c */,
				C66ED0BC1B81A67E00D11EF6 /* Stack.c */,
				C66ED0BD1B81A67E00D11EF6 /* Stack.h */,
			);
			path = "Stack(LL)";
			sourceTree = "<group>";
		};
/* End PBXGroup section */

/* Begin PBXNativeTarget section */
		C66ED0B11B81A66700D11EF6 /* Stack(LL) */ = {
			isa = PBXNativeTarget;
			buildConfigurationList = C66ED0B91B81A66700D11EF6 /* Build configuration list for PBXNativeTarget "Stack(LL)" */;
			buildPhases = (
				C66ED0AE1B81A66700D11EF6 /* Sources */,
				C66ED0AF1B81A66700D11EF6 /* Frameworks */,
				C66ED0B01B81A66700D11EF6 /* CopyFiles */,
			);
			buildRules = (
			);
			dependencies = (
			);
			name = "Stack(LL)";
			productName = "Stack(LL)";
			productReference = C66ED0B21B81A66700D11EF6 /* Stack(LL) */;
			productType = "com.apple.product-type.tool";
		};
/* End PBXNativeTarget section */

/* Begin PBXProject section */
		C66ED0AA1B81A66700D11EF6 /* Project object */ = {
			isa = PBXProject;
			attributes = {
				LastUpgradeCheck = 0600;
				ORGANIZATIONNAME = "Nishant Verma ( Nash Vail )";
				TargetAttributes = {
					C66ED0B11B81A66700D11EF6 = {
						CreatedOnToolsVersion = 6.0.1;
					};
				};
			};
			buildConfigurationList = C66ED0AD1B81A66700D11EF6 /* Build configuration list for PBXProject "Stack(LL)" */;
			compatibilityVersion = "Xcode 3.2";
			developmentRegion = English;
			hasScannedForEncodings = 0;
			knownRegions = (
				en,
			);
			mainGroup = C66ED0A91B81A66700D11EF6;
			productRefGroup = C66ED0B31B81A66700D11EF6 /* Products */;
			projectDirPath = "";
			projectRoot = "";
			targets = (
				C66ED0B11B81A66700D11EF6 /* Stack(LL) */,
			);
		};
/* End PBXProject section */

/* Begin PBXSourcesBuildPhase section */
		C66ED0AE1B81A66700D11EF6 /* Sources */ = {
			isa = PBXSourcesBuildPhase;
			buildActionMask = 2147483647;
			files = (
				C66ED0BE1B81A67E00D11EF6 /* Stack.c in Sources */,
				C66ED0C11B81A6AA00D11EF6 /* LinkedList.c in Sources */,
				C66ED0B61B81A66700D11EF6 /* main.c in Sources */,
			);
			runOnlyForDeploymentPostprocessing = 0;
		};
/* End PBXSourcesBuildPhase section */

/* Begin XCBuildConfiguration section */
		C66ED0B71B81A66700D11EF6 /* Debug */ = {
			isa = XCBuildConfiguration;
			buildSettings = {
				ALWAYS_SEARCH_USER_PATHS = NO;
				CLANG_CXX_LANGUAGE_STANDARD = "gnu++0x";
				CLANG_CXX_LIBRARY = "libc++";
				CLANG_ENABLE_MODULES = YES;
				CLANG_ENABLE_OBJC_ARC = YES;
				CLANG_WARN_BOOL_CONVERSION = YES;
				CLANG_WARN_CONSTANT_CONVERSION = YES;
				CLANG_WARN_DIRECT_OBJC_ISA_USAGE = YES_ERROR;
				CLANG_WARN_EMPTY_BODY = YES;
				CLANG_WARN_ENUM_CONVERSION = YES;
				CLANG_WARN_INT_CONVERSION = YES;
				CLANG_WARN_OBJC_ROOT_CLASS = YES_ERROR;
				CLANG_WARN_UNREACHABLE_CODE = YES;
				CLANG_WARN__DUPLICATE_METHOD_MATCH = YES;
				COPY_PHASE_STRIP = NO;
				ENABLE_STRICT_OBJC_MSGSEND = YES;
				GCC_C_LANGUAGE_STANDARD = gnu99;
				GCC_DYNAMIC_NO_PIC = NO;
				GCC_OPTIMIZATION_LEVEL = 0;
				GCC_PREPROCESSOR_DEFINITIONS = (
					"DEBUG=1",
					"$(inherited)",
				);
				GCC_SYMBOLS_PRIVATE_EXTERN = NO;
				GCC_WARN_64_TO_32_BIT_CONVERSION = YES;
				GCC_WARN_ABOUT_RETURN_TYPE = YES_ERROR;
				GCC_WARN_UNDECLARED_SELECTOR = YES;
				GCC_WARN_UNINITIALIZED_AUTOS = YES_AGGRESSIVE;
				GCC_WARN_UNUSED_FUNCTION = YES;
				GCC_WARN_UNUSED_VARIABLE = YES;
				MACOSX_DEPLOYMENT_TARGET = 10.10;
				MTL_ENABLE_DEBUG_INFO = YES;
				ONLY_ACTIVE_ARCH = YES;
				SDKROOT = macosx;
			};
			name = Debug;
		};
		C66ED0B81B81A66700D11EF6 /* Release */ = {
			isa = XCBuildConfiguration;
			buildSettings = {
				ALWAYS_SEARCH_USER_PATHS = NO;
				CLANG_CXX_LANGUAGE_STANDARD = "gnu++0x";
				CLANG_CXX_LIBRARY = "libc++";
				CLANG_ENABLE_MODULES = YES;
				CLANG_ENABLE_OBJC_ARC = YES;
				CLANG_WARN_BOOL_CONVERSION = YES;
				CLANG_WARN_CONSTANT_CONVERSION = YES;
				CLANG_WARN_DIRECT_OBJC_ISA_USAGE = YES_ERROR;
				CLANG_WARN_EMPTY_BODY = YES;
				CLANG_WARN_ENUM_CONVERSION = YES;
				CLANG_WARN_INT_CONVERSION = YES;
				CLANG_WARN_OBJC_ROOT_CLASS = YES_ERROR;
				CLANG_WARN_UNREACHABLE_CODE = YES;
				CLANG_WARN__DUPLICATE_METHOD_MATCH = YES;
				COPY_PHASE_STRIP = YES;
				DEBUG_INFORMATION_FORMAT = "dwarf-with-dsym";
				ENABLE_NS_ASSERTIONS = NO;
				ENABLE_STRICT_OBJC_MSGSEND = YES;
				GCC_C_LANGUAGE_STANDARD = gnu99;
				GCC_WARN_64_TO_32_BIT_CONVERSION = YES;
				GCC_WARN_ABOUT_RETURN_TYPE = YES_ERROR;
				GCC_WARN_UNDECLARED_SELECTOR = YES;
				GCC_WARN_UNINITIALIZED_AUTOS = YES_AGGRESSIVE;
				GCC_WARN_UNUSED_FUNCTION = YES;
				GCC_WARN_UNUSED_VARIABLE = YES;
				MACOSX_DEPLOYMENT_TARGET = 10.10;
				MTL_ENABLE_DEBUG_INFO = NO;
				SDKROOT = macosx;
			};
			name = Release;
		};
		C66ED0BA1B81A66700D11EF6 /* Debug */ = {
			isa = XCBuildConfiguration;
			buildSettings = {
				PRODUCT_NAME = "$(TARGET_NAME)";
			};
			name = Debug;
		};
		C66ED0BB1B81A66700D11EF6 /* Release */ = {
			isa = XCBuildConfiguration;
			buildSettings = {
				PRODUCT_NAME = "$(TARGET_NAME)";
			};
			name = Release;
		};
/* End XCBuildConfiguration section */

/* Begin XCConfigurationList section */
		C66ED0AD1B81A66700D11EF6 /* Build configuration list for PBXProject "Stack(LL)" */ = {
			isa = XCConfigurationList;
			buildConfigurations = (
				C66ED0B71B81A66700D11EF6 /* Debug */,
				C66ED0B81B81A66700D11EF6 /* Release */,
			);
			defaultConfigurationIsVisible = 0;
			defaultConfigurationName = Release;
		};
		C66ED0B91B81A66700D11EF6 /* Build configuration list for PBXNativeTarget "Stack(LL)" */ = {
			isa = XCConfigurationList;
			buildConfigurations = (
				C66ED0BA1B81A66700D11EF6 /* Debug */,
				C66ED0BB1B81A66700D11EF6 /* Release */,
			);
			defaultConfigurationIsVisible = 0;
		};
/* End XCConfigurationList section */
	};
	rootObject = C66ED0AA1B81A66700D11EF6 /* Project object */;
}
