// !$*UTF8*$!
{
	archiveVersion = 1;
	classes = {
	};
	objectVersion = 46;
	objects = {

/* Begin PBXBuildFile section */
		C61A74971B9AE6CF00B3FE89 /* main.cpp in Sources */ = {isa = PBXBuildFile; fileRef = C61A74961B9AE6CF00B3FE89 /* main.cpp */; };
/* End PBXBuildFile section */

/* Begin PBXCopyFilesBuildPhase section */
		C61A74911B9AE6CF00B3FE89 /* CopyFiles */ = {
			isa = PBXCopyFilesBuildPhase;
			buildActionMask = 2147483647;
			dstPath = /usr/share/man/man1/;
			dstSubfolderSpec = 0;
			files = (
			);
			runOnlyForDeploymentPostprocessing = 1;
		};
/* End PBXCopyFilesBuildPhase section */

/* Begin PBXFileReference section */
		C61A74931B9AE6CF00B3FE89 /* Stack (Array C++) */ = {isa = PBXFileReference; explicitFileType = "compiled.mach-o.executable"; includeInIndex = 0; path = "Stack (Array C++)"; sourceTree = BUILT_PRODUCTS_DIR; };
		C61A74961B9AE6CF00B3FE89 /* main.cpp */ = {isa = PBXFileReference; lastKnownFileType = sourcecode.cpp.cpp; path = main.cpp; sourceTree = "<group>"; };
		C61A74A21B9AE95A00B3FE89 /* LinkedList.h */ = {isa = PBXFileReference; fileEncoding = 4; lastKnownFileType = sourcecode.c.h; name = LinkedList.h; path = ../LinkedList.h; sourceTree = "<group>"; };
		C61A74A51B9AE98D00B3FE89 /* Node.h */ = {isa = PBXFileReference; fileEncoding = 4; lastKnownFileType = sourcecode.c.h; name = Node.h; path = ../Node.h; sourceTree = "<group>"; };
/* End PBXFileReference section */

/* Begin PBXFrameworksBuildPhase section */
		C61A74901B9AE6CF00B3FE89 /* Frameworks */ = {
			isa = PBXFrameworksBuildPhase;
			buildActionMask = 2147483647;
			files = (
			);
			runOnlyForDeploymentPostprocessing = 0;
		};
/* End PBXFrameworksBuildPhase section */

/* Begin PBXGroup section */
		C61A748A1B9AE6CF00B3FE89 = {
			isa = PBXGroup;
			children = (
				C61A74951B9AE6CF00B3FE89 /* Stack (Array C++) */,
				C61A74941B9AE6CF00B3FE89 /* Products */,
			);
			sourceTree = "<group>";
		};
		C61A74941B9AE6CF00B3FE89 /* Products */ = {
			isa = PBXGroup;
			children = (
				C61A74931B9AE6CF00B3FE89 /* Stack (Array C++) */,
			);
			name = Products;
			sourceTree = "<group>";
		};
		C61A74951B9AE6CF00B3FE89 /* Stack (Array C++) */ = {
			isa = PBXGroup;
			children = (
				C61A74961B9AE6CF00B3FE89 /* main.cpp */,
				C61A74A21B9AE95A00B3FE89 /* LinkedList.h */,
				C61A74A51B9AE98D00B3FE89 /* Node.h */,
			);
			path = "Stack (Array C++)";
			sourceTree = "<group>";
		};
/* End PBXGroup section */

/* Begin PBXNativeTarget section */
		C61A74921B9AE6CF00B3FE89 /* Stack (Array C++) */ = {
			isa = PBXNativeTarget;
			buildConfigurationList = C61A749A1B9AE6CF00B3FE89 /* Build configuration list for PBXNativeTarget "Stack (Array C++)" */;
			buildPhases = (
				C61A748F1B9AE6CF00B3FE89 /* Sources */,
				C61A74901B9AE6CF00B3FE89 /* Frameworks */,
				C61A74911B9AE6CF00B3FE89 /* CopyFiles */,
			);
			buildRules = (
			);
			dependencies = (
			);
			name = "Stack (Array C++)";
			productName = "Stack (Array C++)";
			productReference = C61A74931B9AE6CF00B3FE89 /* Stack (Array C++) */;
			productType = "com.apple.product-type.tool";
		};
/* End PBXNativeTarget section */

/* Begin PBXProject section */
		C61A748B1B9AE6CF00B3FE89 /* Project object */ = {
			isa = PBXProject;
			attributes = {
				LastUpgradeCheck = 0600;
				ORGANIZATIONNAME = "Nishant Verma ( Nash Vail )";
				TargetAttributes = {
					C61A74921B9AE6CF00B3FE89 = {
						CreatedOnToolsVersion = 6.0.1;
					};
				};
			};
			buildConfigurationList = C61A748E1B9AE6CF00B3FE89 /* Build configuration list for PBXProject "Stack (Array C++)" */;
			compatibilityVersion = "Xcode 3.2";
			developmentRegion = English;
			hasScannedForEncodings = 0;
			knownRegions = (
				en,
			);
			mainGroup = C61A748A1B9AE6CF00B3FE89;
			productRefGroup = C61A74941B9AE6CF00B3FE89 /* Products */;
			projectDirPath = "";
			projectRoot = "";
			targets = (
				C61A74921B9AE6CF00B3FE89 /* Stack (Array C++) */,
			);
		};
/* End PBXProject section */

/* Begin PBXSourcesBuildPhase section */
		C61A748F1B9AE6CF00B3FE89 /* Sources */ = {
			isa = PBXSourcesBuildPhase;
			buildActionMask = 2147483647;
			files = (
				C61A74971B9AE6CF00B3FE89 /* main.cpp in Sources */,
			);
			runOnlyForDeploymentPostprocessing = 0;
		};
/* End PBXSourcesBuildPhase section */

/* Begin XCBuildConfiguration section */
		C61A74981B9AE6CF00B3FE89 /* Debug */ = {
			isa = XCBuildConfiguration;
			buildSettings = {
				ALWAYS_SEARCH_USER_PATHS = NO;
				CLANG_CXX_LANGUAGE_STANDARD = "gnu++0x";
				CLANG_CXX_LIBRARY = "libc++";
				CLANG_ENABLE_MODULES = YES;
				CLANG_ENABLE_OBJC_ARC = YES;
				CLANG_WARN_BOOL_CONVERSION = YES;
				CLANG_WARN_CONSTANT_CONVERSION = YES;
				CLANG_WARN_DIRECT_OBJC_ISA_USAGE = YES_ERROR;
				CLANG_WARN_EMPTY_BODY = YES;
				CLANG_WARN_ENUM_CONVERSION = YES;
				CLANG_WARN_INT_CONVERSION = YES;
				CLANG_WARN_OBJC_ROOT_CLASS = YES_ERROR;
				CLANG_WARN_UNREACHABLE_CODE = YES;
				CLANG_WARN__DUPLICATE_METHOD_MATCH = YES;
				COPY_PHASE_STRIP = NO;
				ENABLE_STRICT_OBJC_MSGSEND = YES;
				GCC_C_LANGUAGE_STANDARD = gnu99;
				GCC_DYNAMIC_NO_PIC = NO;
				GCC_OPTIMIZATION_LEVEL = 0;
				GCC_PREPROCESSOR_DEFINITIONS = (
					"DEBUG=1",
					"$(inherited)",
				);
				GCC_SYMBOLS_PRIVATE_EXTERN = NO;
				GCC_WARN_64_TO_32_BIT_CONVERSION = YES;
				GCC_WARN_ABOUT_RETURN_TYPE = YES_ERROR;
				GCC_WARN_UNDECLARED_SELECTOR = YES;
				GCC_WARN_UNINITIALIZED_AUTOS = YES_AGGRESSIVE;
				GCC_WARN_UNUSED_FUNCTION = YES;
				GCC_WARN_UNUSED_VARIABLE = YES;
				MACOSX_DEPLOYMENT_TARGET = 10.10;
				MTL_ENABLE_DEBUG_INFO = YES;
				ONLY_ACTIVE_ARCH = YES;
				SDKROOT = macosx;
			};
			name = Debug;
		};
		C61A74991B9AE6CF00B3FE89 /* Release */ = {
			isa = XCBuildConfiguration;
			buildSettings = {
				ALWAYS_SEARCH_USER_PATHS = NO;
				CLANG_CXX_LANGUAGE_STANDARD = "gnu++0x";
				CLANG_CXX_LIBRARY = "libc++";
				CLANG_ENABLE_MODULES = YES;
				CLANG_ENABLE_OBJC_ARC = YES;
				CLANG_WARN_BOOL_CONVERSION = YES;
				CLANG_WARN_CONSTANT_CONVERSION = YES;
				CLANG_WARN_DIRECT_OBJC_ISA_USAGE = YES_ERROR;
				CLANG_WARN_EMPTY_BODY = YES;
				CLANG_WARN_ENUM_CONVERSION = YES;
				CLANG_WARN_INT_CONVERSION = YES;
				CLANG_WARN_OBJC_ROOT_CLASS = YES_ERROR;
				CLANG_WARN_UNREACHABLE_CODE = YES;
				CLANG_WARN__DUPLICATE_METHOD_MATCH = YES;
				COPY_PHASE_STRIP = YES;
				DEBUG_INFORMATION_FORMAT = "dwarf-with-dsym";
				ENABLE_NS_ASSERTIONS = NO;
				ENABLE_STRICT_OBJC_MSGSEND = YES;
				GCC_C_LANGUAGE_STANDARD = gnu99;
				GCC_WARN_64_TO_32_BIT_CONVERSION = YES;
				GCC_WARN_ABOUT_RETURN_TYPE = YES_ERROR;
				GCC_WARN_UNDECLARED_SELECTOR = YES;
				GCC_WARN_UNINITIALIZED_AUTOS = YES_AGGRESSIVE;
				GCC_WARN_UNUSED_FUNCTION = YES;
				GCC_WARN_UNUSED_VARIABLE = YES;
				MACOSX_DEPLOYMENT_TARGET = 10.10;
				MTL_ENABLE_DEBUG_INFO = NO;
				SDKROOT = macosx;
			};
			name = Release;
		};
		C61A749B1B9AE6CF00B3FE89 /* Debug */ = {
			isa = XCBuildConfiguration;
			buildSettings = {
				PRODUCT_NAME = "$(TARGET_NAME)";
			};
			name = Debug;
		};
		C61A749C1B9AE6CF00B3FE89 /* Release */ = {
			isa = XCBuildConfiguration;
			buildSettings = {
				PRODUCT_NAME = "$(TARGET_NAME)";
			};
			name = Release;
		};
/* End XCBuildConfiguration section */

/* Begin XCConfigurationList section */
		C61A748E1B9AE6CF00B3FE89 /* Build configuration list for PBXProject "Stack (Array C++)" */ = {
			isa = XCConfigurationList;
			buildConfigurations = (
				C61A74981B9AE6CF00B3FE89 /* Debug */,
				C61A74991B9AE6CF00B3FE89 /* Release */,
			);
			defaultConfigurationIsVisible = 0;
			defaultConfigurationName = Release;
		};
		C61A749A1B9AE6CF00B3FE89 /* Build configuration list for PBXNativeTarget "Stack (Array C++)" */ = {
			isa = XCConfigurationList;
			buildConfigurations = (
				C61A749B1B9AE6CF00B3FE89 /* Debug */,
				C61A749C1B9AE6CF00B3FE89 /* Release */,
			);
			defaultConfigurationIsVisible = 0;
			defaultConfigurationName = Release;
		};
/* End XCConfigurationList section */
	};
	rootObject = C61A748B1B9AE6CF00B3FE89 /* Project object */;
}
